
Microsoft Visual Studio Solution File, Format Version 12.00
# Visual Studio Version 16
VisualStudioVersion = 16.0.32630.194
MinimumVisualStudioVersion = 10.0.40219.1
Project("{FAE04EC0-301F-11D3-BF4B-00C04F79EFBC}") = "HomeWork4", "HomeWork4.csproj", "{CC1A64A0-DBA5-4D30-A832-F798DE09FB54}"
EndProject
Global
	GlobalSection(SolutionConfigurationPlatforms) = preSolution
		Debug|Any CPU = Debug|Any CPU
		Release|Any CPU = Release|Any CPU
	EndGlobalSection
	GlobalSection(ProjectConfigurationPlatforms) = postSolution
		{CC1A64A0-DBA5-4D30-A832-F798DE09FB54}.Debug|Any CPU.ActiveCfg = Debug|Any CPU
		{CC1A64A0-DBA5-4D30-A832-F798DE09FB54}.Debug|Any CPU.Build.0 = Debug|Any CPU
		{CC1A64A0-DBA5-4D30-A832-F798DE09FB54}.Release|Any CPU.ActiveCfg = Release|Any CPU
		{CC1A64A0-DBA5-4D30-A832-F798DE09FB54}.Release|Any CPU.Build.0 = Release|Any CPU
	EndGlobalSection
	GlobalSection(SolutionProperties) = preSolution
		HideSolutionNode = FALSE
	EndGlobalSection
	GlobalSection(ExtensibilityGlobals) = postSolution
		SolutionGuid = {1A187EC4-9020-4638-A726-73EAB51DF3BB}
	EndGlobalSection
EndGlobal
